
Microsoft Visual Studio Solution File, Format Version 12.00
# Visual Studio Version 17
VisualStudioVersion = 17.8.34309.116
MinimumVisualStudioVersion = 10.0.40219.1
Project("{2150E333-8FDC-42A3-9474-1A3956D46DE8}") = "Services", "Services", "{6D43A2C0-3938-49E8-9FEA-30FEC439DF81}"
EndProject
Project("{2150E333-8FDC-42A3-9474-1A3956D46DE8}") = "Catalog", "Catalog", "{796DE988-177B-4EF1-B588-84F4D918DD69}"
EndProject
Project("{9A19103F-16F7-4668-BE54-9A1E7A4F7556}") = "Catalog.API", "Services\Catalog\Catalog.API\Catalog.API.csproj", "{29040D96-8719-4073-9689-EBD81BBBD758}"
EndProject
Project("{E53339B2-1760-4266-BCC7-CA923CBCF16C}") = "docker-compose", "docker-compose.dcproj", "{AA596890-9C3C-4AB3-B57F-8C912307BE72}"
EndProject
Project("{2150E333-8FDC-42A3-9474-1A3956D46DE8}") = "Basket", "Basket", "{59A39BD0-2F4A-46BF-9914-1E0594DF6F1E}"
EndProject
Project("{FAE04EC0-301F-11D3-BF4B-00C04F79EFBC}") = "Basket.API", "Services\Basket\Basket.API\Basket.API.csproj", "{6AC9535E-E7C5-4C49-8149-2A9C560401AE}"
EndProject
Global
	GlobalSection(SolutionConfigurationPlatforms) = preSolution
		Debug|Any CPU = Debug|Any CPU
		Release|Any CPU = Release|Any CPU
	EndGlobalSection
	GlobalSection(ProjectConfigurationPlatforms) = postSolution
		{29040D96-8719-4073-9689-EBD81BBBD758}.Debug|Any CPU.ActiveCfg = Debug|Any CPU
		{29040D96-8719-4073-9689-EBD81BBBD758}.Debug|Any CPU.Build.0 = Debug|Any CPU
		{29040D96-8719-4073-9689-EBD81BBBD758}.Release|Any CPU.ActiveCfg = Release|Any CPU
		{29040D96-8719-4073-9689-EBD81BBBD758}.Release|Any CPU.Build.0 = Release|Any CPU
		{AA596890-9C3C-4AB3-B57F-8C912307BE72}.Debug|Any CPU.ActiveCfg = Debug|Any CPU
		{AA596890-9C3C-4AB3-B57F-8C912307BE72}.Debug|Any CPU.Build.0 = Debug|Any CPU
		{AA596890-9C3C-4AB3-B57F-8C912307BE72}.Release|Any CPU.ActiveCfg = Release|Any CPU
		{AA596890-9C3C-4AB3-B57F-8C912307BE72}.Release|Any CPU.Build.0 = Release|Any CPU
		{6AC9535E-E7C5-4C49-8149-2A9C560401AE}.Debug|Any CPU.ActiveCfg = Debug|Any CPU
		{6AC9535E-E7C5-4C49-8149-2A9C560401AE}.Debug|Any CPU.Build.0 = Debug|Any CPU
		{6AC9535E-E7C5-4C49-8149-2A9C560401AE}.Release|Any CPU.ActiveCfg = Release|Any CPU
		{6AC9535E-E7C5-4C49-8149-2A9C560401AE}.Release|Any CPU.Build.0 = Release|Any CPU
	EndGlobalSection
	GlobalSection(SolutionProperties) = preSolution
		HideSolutionNode = FALSE
	EndGlobalSection
	GlobalSection(NestedProjects) = preSolution
		{796DE988-177B-4EF1-B588-84F4D918DD69} = {6D43A2C0-3938-49E8-9FEA-30FEC439DF81}
		{29040D96-8719-4073-9689-EBD81BBBD758} = {796DE988-177B-4EF1-B588-84F4D918DD69}
		{59A39BD0-2F4A-46BF-9914-1E0594DF6F1E} = {6D43A2C0-3938-49E8-9FEA-30FEC439DF81}
		{6AC9535E-E7C5-4C49-8149-2A9C560401AE} = {59A39BD0-2F4A-46BF-9914-1E0594DF6F1E}
	EndGlobalSection
	GlobalSection(ExtensibilityGlobals) = postSolution
		SolutionGuid = {10182B73-BAD1-4459-A91E-AA62A8883B7E}
	EndGlobalSection
EndGlobal
