
Microsoft Visual Studio Solution File, Format Version 12.00
# Visual Studio Version 17
VisualStudioVersion = 17.8.34309.116
MinimumVisualStudioVersion = 10.0.40219.1
Project("{2150E333-8FDC-42A3-9474-1A3956D46DE8}") = "Services", "Services", "{6D43A2C0-3938-49E8-9FEA-30FEC439DF81}"
EndProject
Project("{2150E333-8FDC-42A3-9474-1A3956D46DE8}") = "Catalog", "Catalog", "{796DE988-177B-4EF1-B588-84F4D918DD69}"
EndProject
Project("{9A19103F-16F7-4668-BE54-9A1E7A4F7556}") = "Catalog.API", "Services\Catalog\Catalog.API\Catalog.API.csproj", "{29040D96-8719-4073-9689-EBD81BBBD758}"
EndProject
Project("{E53339B2-1760-4266-BCC7-CA923CBCF16C}") = "docker-compose", "docker-compose.dcproj", "{AA596890-9C3C-4AB3-B57F-8C912307BE72}"
EndProject
Project("{2150E333-8FDC-42A3-9474-1A3956D46DE8}") = "Basket", "Basket", "{59A39BD0-2F4A-46BF-9914-1E0594DF6F1E}"
EndProject
Project("{9A19103F-16F7-4668-BE54-9A1E7A4F7556}") = "Basket.API", "Services\Basket\Basket.API\Basket.API.csproj", "{6AC9535E-E7C5-4C49-8149-2A9C560401AE}"
EndProject
Project("{2150E333-8FDC-42A3-9474-1A3956D46DE8}") = "Discount", "Discount", "{9B726F0A-0CEC-4E9A-BFE6-D7F7B17AFEA5}"
EndProject
Project("{9A19103F-16F7-4668-BE54-9A1E7A4F7556}") = "Discount.API", "Services\Discount\Discount.API\Discount.API.csproj", "{0CCE370E-0B84-4CD4-859D-A7243BF42398}"
EndProject
Project("{9A19103F-16F7-4668-BE54-9A1E7A4F7556}") = "Discount.Grpc", "Services\Discount\Discount.Grpc\Discount.Grpc.csproj", "{BD4FCD15-9836-4CD5-A3F3-6CDC632A5E81}"
EndProject
Project("{2150E333-8FDC-42A3-9474-1A3956D46DE8}") = "Ordering", "Ordering", "{ABFC1F58-6BE1-4DAB-9245-CD5227F3543A}"
EndProject
Project("{9A19103F-16F7-4668-BE54-9A1E7A4F7556}") = "Ordering.API", "Services\Ordering\Ordering.API\Ordering.API.csproj", "{A7A27DB8-CFC5-4385-8706-7AFE227DCEE8}"
EndProject
Project("{9A19103F-16F7-4668-BE54-9A1E7A4F7556}") = "Ordering.Domain", "Services\Ordering\Ordering.Domain\Ordering.Domain.csproj", "{51A033AF-9AA3-4BCD-BAE2-3E7214DE15BF}"
EndProject
Project("{9A19103F-16F7-4668-BE54-9A1E7A4F7556}") = "Ordering.Application", "Services\Ordering\Ordering.Application\Ordering.Application.csproj", "{6542B1E2-0D1B-4A29-AD34-CB1C08BC3D09}"
EndProject
Project("{9A19103F-16F7-4668-BE54-9A1E7A4F7556}") = "Ordering.Infrastructure", "Services\Ordering\Ordering.Infrastructure\Ordering.Infrastructure.csproj", "{403AB2DA-7957-43DB-ADD3-F755C82FC770}"
EndProject
Project("{2150E333-8FDC-42A3-9474-1A3956D46DE8}") = "BuildingBlocks", "BuildingBlocks", "{A80B8E85-694D-4587-A9E3-4272D1F4768D}"
EndProject
Project("{9A19103F-16F7-4668-BE54-9A1E7A4F7556}") = "EventBus.Messages", "BuildingBlocks\EventBus.Messages\EventBus.Messages.csproj", "{BB880761-9A81-4CDD-B721-55A053DE0EAC}"
EndProject
Project("{2150E333-8FDC-42A3-9474-1A3956D46DE8}") = "ApiGateways", "ApiGateways", "{CA83E79D-4F3B-4F89-9FCC-C6E923DB3E5A}"
EndProject
Project("{9A19103F-16F7-4668-BE54-9A1E7A4F7556}") = "OcelotApiGw", "ApiGateways\OcelotApiGw\OcelotApiGw.csproj", "{B3B53F4A-7FB1-4062-9D5C-51A730186682}"
EndProject
Project("{9A19103F-16F7-4668-BE54-9A1E7A4F7556}") = "Shopping.Aggregator", "ApiGateways\Shopping.Aggregator\Shopping.Aggregator.csproj", "{191E41DC-AD8F-4887-9519-417BEAED7FB6}"
EndProject
Project("{2150E333-8FDC-42A3-9474-1A3956D46DE8}") = "WebApps", "WebApps", "{D95F9DF9-9504-4162-842C-E263CBDB5ED7}"
EndProject
Project("{54A90642-561A-4BB1-A94E-469ADEE60C69}") = "AspnetRunBasics.Angular", "WebApps\AspnetRunBasics.Angular\AspnetRunBasics.Angular.esproj", "{F788705E-9792-42D0-A617-ACA89DCD82D2}"
EndProject
Global
	GlobalSection(SolutionConfigurationPlatforms) = preSolution
		Debug|Any CPU = Debug|Any CPU
		Release|Any CPU = Release|Any CPU
	EndGlobalSection
	GlobalSection(ProjectConfigurationPlatforms) = postSolution
		{29040D96-8719-4073-9689-EBD81BBBD758}.Debug|Any CPU.ActiveCfg = Debug|Any CPU
		{29040D96-8719-4073-9689-EBD81BBBD758}.Debug|Any CPU.Build.0 = Debug|Any CPU
		{29040D96-8719-4073-9689-EBD81BBBD758}.Release|Any CPU.ActiveCfg = Release|Any CPU
		{29040D96-8719-4073-9689-EBD81BBBD758}.Release|Any CPU.Build.0 = Release|Any CPU
		{AA596890-9C3C-4AB3-B57F-8C912307BE72}.Debug|Any CPU.ActiveCfg = Debug|Any CPU
		{AA596890-9C3C-4AB3-B57F-8C912307BE72}.Debug|Any CPU.Build.0 = Debug|Any CPU
		{AA596890-9C3C-4AB3-B57F-8C912307BE72}.Release|Any CPU.ActiveCfg = Release|Any CPU
		{AA596890-9C3C-4AB3-B57F-8C912307BE72}.Release|Any CPU.Build.0 = Release|Any CPU
		{6AC9535E-E7C5-4C49-8149-2A9C560401AE}.Debug|Any CPU.ActiveCfg = Debug|Any CPU
		{6AC9535E-E7C5-4C49-8149-2A9C560401AE}.Debug|Any CPU.Build.0 = Debug|Any CPU
		{6AC9535E-E7C5-4C49-8149-2A9C560401AE}.Release|Any CPU.ActiveCfg = Release|Any CPU
		{6AC9535E-E7C5-4C49-8149-2A9C560401AE}.Release|Any CPU.Build.0 = Release|Any CPU
		{0CCE370E-0B84-4CD4-859D-A7243BF42398}.Debug|Any CPU.ActiveCfg = Debug|Any CPU
		{0CCE370E-0B84-4CD4-859D-A7243BF42398}.Debug|Any CPU.Build.0 = Debug|Any CPU
		{0CCE370E-0B84-4CD4-859D-A7243BF42398}.Release|Any CPU.ActiveCfg = Release|Any CPU
		{0CCE370E-0B84-4CD4-859D-A7243BF42398}.Release|Any CPU.Build.0 = Release|Any CPU
		{BD4FCD15-9836-4CD5-A3F3-6CDC632A5E81}.Debug|Any CPU.ActiveCfg = Debug|Any CPU
		{BD4FCD15-9836-4CD5-A3F3-6CDC632A5E81}.Debug|Any CPU.Build.0 = Debug|Any CPU
		{BD4FCD15-9836-4CD5-A3F3-6CDC632A5E81}.Release|Any CPU.ActiveCfg = Release|Any CPU
		{BD4FCD15-9836-4CD5-A3F3-6CDC632A5E81}.Release|Any CPU.Build.0 = Release|Any CPU
		{A7A27DB8-CFC5-4385-8706-7AFE227DCEE8}.Debug|Any CPU.ActiveCfg = Debug|Any CPU
		{A7A27DB8-CFC5-4385-8706-7AFE227DCEE8}.Debug|Any CPU.Build.0 = Debug|Any CPU
		{A7A27DB8-CFC5-4385-8706-7AFE227DCEE8}.Release|Any CPU.ActiveCfg = Release|Any CPU
		{A7A27DB8-CFC5-4385-8706-7AFE227DCEE8}.Release|Any CPU.Build.0 = Release|Any CPU
		{51A033AF-9AA3-4BCD-BAE2-3E7214DE15BF}.Debug|Any CPU.ActiveCfg = Debug|Any CPU
		{51A033AF-9AA3-4BCD-BAE2-3E7214DE15BF}.Debug|Any CPU.Build.0 = Debug|Any CPU
		{51A033AF-9AA3-4BCD-BAE2-3E7214DE15BF}.Release|Any CPU.ActiveCfg = Release|Any CPU
		{51A033AF-9AA3-4BCD-BAE2-3E7214DE15BF}.Release|Any CPU.Build.0 = Release|Any CPU
		{6542B1E2-0D1B-4A29-AD34-CB1C08BC3D09}.Debug|Any CPU.ActiveCfg = Debug|Any CPU
		{6542B1E2-0D1B-4A29-AD34-CB1C08BC3D09}.Debug|Any CPU.Build.0 = Debug|Any CPU
		{6542B1E2-0D1B-4A29-AD34-CB1C08BC3D09}.Release|Any CPU.ActiveCfg = Release|Any CPU
		{6542B1E2-0D1B-4A29-AD34-CB1C08BC3D09}.Release|Any CPU.Build.0 = Release|Any CPU
		{403AB2DA-7957-43DB-ADD3-F755C82FC770}.Debug|Any CPU.ActiveCfg = Debug|Any CPU
		{403AB2DA-7957-43DB-ADD3-F755C82FC770}.Debug|Any CPU.Build.0 = Debug|Any CPU
		{403AB2DA-7957-43DB-ADD3-F755C82FC770}.Release|Any CPU.ActiveCfg = Release|Any CPU
		{403AB2DA-7957-43DB-ADD3-F755C82FC770}.Release|Any CPU.Build.0 = Release|Any CPU
		{BB880761-9A81-4CDD-B721-55A053DE0EAC}.Debug|Any CPU.ActiveCfg = Debug|Any CPU
		{BB880761-9A81-4CDD-B721-55A053DE0EAC}.Debug|Any CPU.Build.0 = Debug|Any CPU
		{BB880761-9A81-4CDD-B721-55A053DE0EAC}.Release|Any CPU.ActiveCfg = Release|Any CPU
		{BB880761-9A81-4CDD-B721-55A053DE0EAC}.Release|Any CPU.Build.0 = Release|Any CPU
		{B3B53F4A-7FB1-4062-9D5C-51A730186682}.Debug|Any CPU.ActiveCfg = Debug|Any CPU
		{B3B53F4A-7FB1-4062-9D5C-51A730186682}.Debug|Any CPU.Build.0 = Debug|Any CPU
		{B3B53F4A-7FB1-4062-9D5C-51A730186682}.Release|Any CPU.ActiveCfg = Release|Any CPU
		{B3B53F4A-7FB1-4062-9D5C-51A730186682}.Release|Any CPU.Build.0 = Release|Any CPU
		{191E41DC-AD8F-4887-9519-417BEAED7FB6}.Debug|Any CPU.ActiveCfg = Debug|Any CPU
		{191E41DC-AD8F-4887-9519-417BEAED7FB6}.Debug|Any CPU.Build.0 = Debug|Any CPU
		{191E41DC-AD8F-4887-9519-417BEAED7FB6}.Release|Any CPU.ActiveCfg = Release|Any CPU
		{191E41DC-AD8F-4887-9519-417BEAED7FB6}.Release|Any CPU.Build.0 = Release|Any CPU
		{F788705E-9792-42D0-A617-ACA89DCD82D2}.Debug|Any CPU.ActiveCfg = Debug|Any CPU
		{F788705E-9792-42D0-A617-ACA89DCD82D2}.Debug|Any CPU.Build.0 = Debug|Any CPU
		{F788705E-9792-42D0-A617-ACA89DCD82D2}.Debug|Any CPU.Deploy.0 = Debug|Any CPU
		{F788705E-9792-42D0-A617-ACA89DCD82D2}.Release|Any CPU.ActiveCfg = Release|Any CPU
		{F788705E-9792-42D0-A617-ACA89DCD82D2}.Release|Any CPU.Build.0 = Release|Any CPU
		{F788705E-9792-42D0-A617-ACA89DCD82D2}.Release|Any CPU.Deploy.0 = Release|Any CPU
	EndGlobalSection
	GlobalSection(SolutionProperties) = preSolution
		HideSolutionNode = FALSE
	EndGlobalSection
	GlobalSection(NestedProjects) = preSolution
		{796DE988-177B-4EF1-B588-84F4D918DD69} = {6D43A2C0-3938-49E8-9FEA-30FEC439DF81}
		{29040D96-8719-4073-9689-EBD81BBBD758} = {796DE988-177B-4EF1-B588-84F4D918DD69}
		{59A39BD0-2F4A-46BF-9914-1E0594DF6F1E} = {6D43A2C0-3938-49E8-9FEA-30FEC439DF81}
		{6AC9535E-E7C5-4C49-8149-2A9C560401AE} = {59A39BD0-2F4A-46BF-9914-1E0594DF6F1E}
		{9B726F0A-0CEC-4E9A-BFE6-D7F7B17AFEA5} = {6D43A2C0-3938-49E8-9FEA-30FEC439DF81}
		{0CCE370E-0B84-4CD4-859D-A7243BF42398} = {9B726F0A-0CEC-4E9A-BFE6-D7F7B17AFEA5}
		{BD4FCD15-9836-4CD5-A3F3-6CDC632A5E81} = {9B726F0A-0CEC-4E9A-BFE6-D7F7B17AFEA5}
		{ABFC1F58-6BE1-4DAB-9245-CD5227F3543A} = {6D43A2C0-3938-49E8-9FEA-30FEC439DF81}
		{A7A27DB8-CFC5-4385-8706-7AFE227DCEE8} = {ABFC1F58-6BE1-4DAB-9245-CD5227F3543A}
		{51A033AF-9AA3-4BCD-BAE2-3E7214DE15BF} = {ABFC1F58-6BE1-4DAB-9245-CD5227F3543A}
		{6542B1E2-0D1B-4A29-AD34-CB1C08BC3D09} = {ABFC1F58-6BE1-4DAB-9245-CD5227F3543A}
		{403AB2DA-7957-43DB-ADD3-F755C82FC770} = {ABFC1F58-6BE1-4DAB-9245-CD5227F3543A}
		{BB880761-9A81-4CDD-B721-55A053DE0EAC} = {A80B8E85-694D-4587-A9E3-4272D1F4768D}
		{B3B53F4A-7FB1-4062-9D5C-51A730186682} = {CA83E79D-4F3B-4F89-9FCC-C6E923DB3E5A}
		{191E41DC-AD8F-4887-9519-417BEAED7FB6} = {CA83E79D-4F3B-4F89-9FCC-C6E923DB3E5A}
		{F788705E-9792-42D0-A617-ACA89DCD82D2} = {D95F9DF9-9504-4162-842C-E263CBDB5ED7}
	EndGlobalSection
	GlobalSection(ExtensibilityGlobals) = postSolution
		SolutionGuid = {10182B73-BAD1-4459-A91E-AA62A8883B7E}
	EndGlobalSection
EndGlobal
